
Microsoft Visual Studio Solution File, Format Version 12.00
# Visual Studio 15
VisualStudioVersion = 15.0.27130.2036
MinimumVisualStudioVersion = 10.0.40219.1
Project("{8BC9CEB8-8B4A-11D0-8D11-00A0C91BC942}") = "ThreadingPatterns", "ThreadingPatterns\ThreadingPatterns.vcxproj", "{FCECD4C6-352D-4EB8-B055-5910ACAAC031}"
EndProject
Project("{8BC9CEB8-8B4A-11D0-8D11-00A0C91BC942}") = "FIFO", "FIFO\FIFO.vcxproj", "{4989FEDA-002F-46BC-8B24-8E28E6E9B39B}"
EndProject
Global
	GlobalSection(SolutionConfigurationPlatforms) = preSolution
		Debug|x64 = Debug|x64
		Debug|x86 = Debug|x86
		Release|x64 = Release|x64
		Release|x86 = Release|x86
	EndGlobalSection
	GlobalSection(ProjectConfigurationPlatforms) = postSolution
		{FCECD4C6-352D-4EB8-B055-5910ACAAC031}.Debug|x64.ActiveCfg = Debug|x64
		{FCECD4C6-352D-4EB8-B055-5910ACAAC031}.Debug|x64.Build.0 = Debug|x64
		{FCECD4C6-352D-4EB8-B055-5910ACAAC031}.Debug|x86.ActiveCfg = Debug|Win32
		{FCECD4C6-352D-4EB8-B055-5910ACAAC031}.Debug|x86.Build.0 = Debug|Win32
		{FCECD4C6-352D-4EB8-B055-5910ACAAC031}.Release|x64.ActiveCfg = Release|x64
		{FCECD4C6-352D-4EB8-B055-5910ACAAC031}.Release|x64.Build.0 = Release|x64
		{FCECD4C6-352D-4EB8-B055-5910ACAAC031}.Release|x86.ActiveCfg = Release|Win32
		{FCECD4C6-352D-4EB8-B055-5910ACAAC031}.Release|x86.Build.0 = Release|Win32
		{4989FEDA-002F-46BC-8B24-8E28E6E9B39B}.Debug|x64.ActiveCfg = Debug|x64
		{4989FEDA-002F-46BC-8B24-8E28E6E9B39B}.Debug|x64.Build.0 = Debug|x64
		{4989FEDA-002F-46BC-8B24-8E28E6E9B39B}.Debug|x86.ActiveCfg = Debug|Win32
		{4989FEDA-002F-46BC-8B24-8E28E6E9B39B}.Debug|x86.Build.0 = Debug|Win32
		{4989FEDA-002F-46BC-8B24-8E28E6E9B39B}.Release|x64.ActiveCfg = Release|x64
		{4989FEDA-002F-46BC-8B24-8E28E6E9B39B}.Release|x64.Build.0 = Release|x64
		{4989FEDA-002F-46BC-8B24-8E28E6E9B39B}.Release|x86.ActiveCfg = Release|Win32
		{4989FEDA-002F-46BC-8B24-8E28E6E9B39B}.Release|x86.Build.0 = Release|Win32
	EndGlobalSection
	GlobalSection(SolutionProperties) = preSolution
		HideSolutionNode = FALSE
	EndGlobalSection
	GlobalSection(ExtensibilityGlobals) = postSolution
		SolutionGuid = {58B952F0-149A-4BBC-855F-2363B6269C02}
	EndGlobalSection
EndGlobal
